// !$*UTF8*$!
{
	archiveVersion = 1;
	classes = {
	};
	objectVersion = 50;
	objects = {

/* Begin PBXBuildFile section */
		BE5D10DE2662C593008B7740 /* AppleSampleProjectApp.swift in Sources */ = {isa = PBXBuildFile; fileRef = BE5D10DD2662C593008B7740 /* AppleSampleProjectApp.swift */; };
		BE5D10E02662C593008B7740 /* ContentView.swift in Sources */ = {isa = PBXBuildFile; fileRef = BE5D10DF2662C593008B7740 /* ContentView.swift */; };
		BE5D10E22662C597008B7740 /* Assets.xcassets in Resources */ = {isa = PBXBuildFile; fileRef = BE5D10E12662C597008B7740 /* Assets.xcassets */; };
		BE5D10E52662C597008B7740 /* Preview Assets.xcassets in Resources */ = {isa = PBXBuildFile; fileRef = BE5D10E42662C597008B7740 /* Preview Assets.xcassets */; };
		BE5D10F02662C598008B7740 /* AppleSampleProjectTests.swift in Sources */ = {isa = PBXBuildFile; fileRef = BE5D10EF2662C598008B7740 /* AppleSampleProjectTests.swift */; };
		BE5D10FB2662C598008B7740 /* AppleSampleProjectUITests.swift in Sources */ = {isa = PBXBuildFile; fileRef = BE5D10FA2662C598008B7740 /* AppleSampleProjectUITests.swift */; };
/* End PBXBuildFile section */

/* Begin PBXContainerItemProxy section */
		BE5D10EC2662C598008B7740 /* PBXContainerItemProxy */ = {
			isa = PBXContainerItemProxy;
			containerPortal = BE5D10D22662C593008B7740 /* Project object */;
			proxyType = 1;
			remoteGlobalIDString = BE5D10D92662C593008B7740;
			remoteInfo = AppleSampleProject;
		};
		BE5D10F72662C598008B7740 /* PBXContainerItemProxy */ = {
			isa = PBXContainerItemProxy;
			containerPortal = BE5D10D22662C593008B7740 /* Project object */;
			proxyType = 1;
			remoteGlobalIDString = BE5D10D92662C593008B7740;
			remoteInfo = AppleSampleProject;
		};
/* End PBXContainerItemProxy section */

/* Begin PBXFileReference section */
		BE5D10DA2662C593008B7740 /* AppleSampleProject.app */ = {isa = PBXFileReference; explicitFileType = wrapper.application; includeInIndex = 0; path = AppleSampleProject.app; sourceTree = BUILT_PRODUCTS_DIR; };
		BE5D10DD2662C593008B7740 /* AppleSampleProjectApp.swift */ = {isa = PBXFileReference; lastKnownFileType = sourcecode.swift; path = AppleSampleProjectApp.swift; sourceTree = "<group>"; };
		BE5D10DF2662C593008B7740 /* ContentView.swift */ = {isa = PBXFileReference; lastKnownFileType = sourcecode.swift; path = ContentView.swift; sourceTree = "<group>"; };
		BE5D10E12662C597008B7740 /* Assets.xcassets */ = {isa = PBXFileReference; lastKnownFileType = folder.assetcatalog; path = Assets.xcassets; sourceTree = "<group>"; };
		BE5D10E42662C597008B7740 /* Preview Assets.xcassets */ = {isa = PBXFileReference; lastKnownFileType = folder.assetcatalog; path = "Preview Assets.xcassets"; sourceTree = "<group>"; };
		BE5D10E62662C597008B7740 /* Info.plist */ = {isa = PBXFileReference; lastKnownFileType = text.plist.xml; path = Info.plist; sourceTree = "<group>"; };
		BE5D10EB2662C598008B7740 /* AppleSampleProjectTests.xctest */ = {isa = PBXFileReference; explicitFileType = wrapper.cfbundle; includeInIndex = 0; path = AppleSampleProjectTests.xctest; sourceTree = BUILT_PRODUCTS_DIR; };
		BE5D10EF2662C598008B7740 /* AppleSampleProjectTests.swift */ = {isa = PBXFileReference; lastKnownFileType = sourcecode.swift; path = AppleSampleProjectTests.swift; sourceTree = "<group>"; };
		BE5D10F12662C598008B7740 /* Info.plist */ = {isa = PBXFileReference; lastKnownFileType = text.plist.xml; path = Info.plist; sourceTree = "<group>"; };
		BE5D10F62662C598008B7740 /* AppleSampleProjectUITests.xctest */ = {isa = PBXFileReference; explicitFileType = wrapper.cfbundle; includeInIndex = 0; path = AppleSampleProjectUITests.xctest; sourceTree = BUILT_PRODUCTS_DIR; };
		BE5D10FA2662C598008B7740 /* AppleSampleProjectUITests.swift */ = {isa = PBXFileReference; lastKnownFileType = sourcecode.swift; path = AppleSampleProjectUITests.swift; sourceTree = "<group>"; };
		BE5D10FC2662C598008B7740 /* Info.plist */ = {isa = PBXFileReference; lastKnownFileType = text.plist.xml; path = Info.plist; sourceTree = "<group>"; };
/* End PBXFileReference section */

/* Begin PBXFrameworksBuildPhase section */
		BE5D10D72662C593008B7740 /* Frameworks */ = {
			isa = PBXFrameworksBuildPhase;
			buildActionMask = 2147483647;
			files = (
			);
			runOnlyForDeploymentPostprocessing = 0;
		};
		BE5D10E82662C598008B7740 /* Frameworks */ = {
			isa = PBXFrameworksBuildPhase;
			buildActionMask = 2147483647;
			files = (
			);
			runOnlyForDeploymentPostprocessing = 0;
		};
		BE5D10F32662C598008B7740 /* Frameworks */ = {
			isa = PBXFrameworksBuildPhase;
			buildActionMask = 2147483647;
			files = (
			);
			runOnlyForDeploymentPostprocessing = 0;
		};
/* End PBXFrameworksBuildPhase section */

/* Begin PBXGroup section */
		BE5D10D12662C593008B7740 = {
			isa = PBXGroup;
			children = (
				BE5D10DC2662C593008B7740 /* AppleSampleProject */,
				BE5D10EE2662C598008B7740 /* AppleSampleProjectTests */,
				BE5D10F92662C598008B7740 /* AppleSampleProjectUITests */,
				BE5D10DB2662C593008B7740 /* Products */,
			);
			sourceTree = "<group>";
		};
		BE5D10DB2662C593008B7740 /* Products */ = {
			isa = PBXGroup;
			children = (
				BE5D10DA2662C593008B7740 /* AppleSampleProject.app */,
				BE5D10EB2662C598008B7740 /* AppleSampleProjectTests.xctest */,
				BE5D10F62662C598008B7740 /* AppleSampleProjectUITests.xctest */,
			);
			name = Products;
			sourceTree = "<group>";
		};
		BE5D10DC2662C593008B7740 /* AppleSampleProject */ = {
			isa = PBXGroup;
			children = (
				BE5D10DD2662C593008B7740 /* AppleSampleProjectApp.swift */,
				BE5D10DF2662C593008B7740 /* ContentView.swift */,
				BE5D10E12662C597008B7740 /* Assets.xcassets */,
				BE5D10E62662C597008B7740 /* Info.plist */,
				BE5D10E32662C597008B7740 /* Preview Content */,
			);
			path = AppleSampleProject;
			sourceTree = "<group>";
		};
		BE5D10E32662C597008B7740 /* Preview Content */ = {
			isa = PBXGroup;
			children = (
				BE5D10E42662C597008B7740 /* Preview Assets.xcassets */,
			);
			path = "Preview Content";
			sourceTree = "<group>";
		};
		BE5D10EE2662C598008B7740 /* AppleSampleProjectTests */ = {
			isa = PBXGroup;
			children = (
				BE5D10EF2662C598008B7740 /* AppleSampleProjectTests.swift */,
				BE5D10F12662C598008B7740 /* Info.plist */,
			);
			path = AppleSampleProjectTests;
			sourceTree = "<group>";
		};
		BE5D10F92662C598008B7740 /* AppleSampleProjectUITests */ = {
			isa = PBXGroup;
			children = (
				BE5D10FA2662C598008B7740 /* AppleSampleProjectUITests.swift */,
				BE5D10FC2662C598008B7740 /* Info.plist */,
			);
			path = AppleSampleProjectUITests;
			sourceTree = "<group>";
		};
/* End PBXGroup section */

/* Begin PBXNativeTarget section */
		BE5D10D92662C593008B7740 /* AppleSampleProject */ = {
			isa = PBXNativeTarget;
			buildConfigurationList = BE5D10FF2662C598008B7740 /* Build configuration list for PBXNativeTarget "AppleSampleProject" */;
			buildPhases = (
				BE5D10D62662C593008B7740 /* Sources */,
				BE5D10D72662C593008B7740 /* Frameworks */,
				BE5D10D82662C593008B7740 /* Resources */,
			);
			buildRules = (
			);
			dependencies = (
			);
			name = AppleSampleProject;
			productName = AppleSampleProject;
			productReference = BE5D10DA2662C593008B7740 /* AppleSampleProject.app */;
			productType = "com.apple.product-type.application";
		};
		BE5D10EA2662C598008B7740 /* AppleSampleProjectTests */ = {
			isa = PBXNativeTarget;
			buildConfigurationList = BE5D11022662C598008B7740 /* Build configuration list for PBXNativeTarget "AppleSampleProjectTests" */;
			buildPhases = (
				BE5D10E72662C598008B7740 /* Sources */,
				BE5D10E82662C598008B7740 /* Frameworks */,
				BE5D10E92662C598008B7740 /* Resources */,
			);
			buildRules = (
			);
			dependencies = (
				BE5D10ED2662C598008B7740 /* PBXTargetDependency */,
			);
			name = AppleSampleProjectTests;
			productName = AppleSampleProjectTests;
			productReference = BE5D10EB2662C598008B7740 /* AppleSampleProjectTests.xctest */;
			productType = "com.apple.product-type.bundle.unit-test";
		};
		BE5D10F52662C598008B7740 /* AppleSampleProjectUITests */ = {
			isa = PBXNativeTarget;
			buildConfigurationList = BE5D11052662C598008B7740 /* Build configuration list for PBXNativeTarget "AppleSampleProjectUITests" */;
			buildPhases = (
				BE5D10F22662C598008B7740 /* Sources */,
				BE5D10F32662C598008B7740 /* Frameworks */,
				BE5D10F42662C598008B7740 /* Resources */,
			);
			buildRules = (
			);
			dependencies = (
				BE5D10F82662C598008B7740 /* PBXTargetDependency */,
			);
			name = AppleSampleProjectUITests;
			productName = AppleSampleProjectUITests;
			productReference = BE5D10F62662C598008B7740 /* AppleSampleProjectUITests.xctest */;
			productType = "com.apple.product-type.bundle.ui-testing";
		};
/* End PBXNativeTarget section */

/* Begin PBXProject section */
		BE5D10D22662C593008B7740 /* Project object */ = {
			isa = PBXProject;
			attributes = {
				LastSwiftUpdateCheck = 1250;
				LastUpgradeCheck = 1250;
				TargetAttributes = {
					BE5D10D92662C593008B7740 = {
						CreatedOnToolsVersion = 12.5;
					};
					BE5D10EA2662C598008B7740 = {
						CreatedOnToolsVersion = 12.5;
						TestTargetID = BE5D10D92662C593008B7740;
					};
					BE5D10F52662C598008B7740 = {
						CreatedOnToolsVersion = 12.5;
						TestTargetID = BE5D10D92662C593008B7740;
					};
				};
			};
			buildConfigurationList = BE5D10D52662C593008B7740 /* Build configuration list for PBXProject "AppleSampleProject" */;
			compatibilityVersion = "Xcode 9.3";
			developmentRegion = en;
			hasScannedForEncodings = 0;
			knownRegions = (
				en,
				Base,
			);
			mainGroup = BE5D10D12662C593008B7740;
			productRefGroup = BE5D10DB2662C593008B7740 /* Products */;
			projectDirPath = "";
			projectRoot = "";
			targets = (
				BE5D10D92662C593008B7740 /* AppleSampleProject */,
				BE5D10EA2662C598008B7740 /* AppleSampleProjectTests */,
				BE5D10F52662C598008B7740 /* AppleSampleProjectUITests */,
			);
		};
/* End PBXProject section */

/* Begin PBXResourcesBuildPhase section */
		BE5D10D82662C593008B7740 /* Resources */ = {
			isa = PBXResourcesBuildPhase;
			buildActionMask = 2147483647;
			files = (
				BE5D10E52662C597008B7740 /* Preview Assets.xcassets in Resources */,
				BE5D10E22662C597008B7740 /* Assets.xcassets in Resources */,
			);
			runOnlyForDeploymentPostprocessing = 0;
		};
		BE5D10E92662C598008B7740 /* Resources */ = {
			isa = PBXResourcesBuildPhase;
			buildActionMask = 2147483647;
			files = (
			);
			runOnlyForDeploymentPostprocessing = 0;
		};
		BE5D10F42662C598008B7740 /* Resources */ = {
			isa = PBXResourcesBuildPhase;
			buildActionMask = 2147483647;
			files = (
			);
			runOnlyForDeploymentPostprocessing = 0;
		};
/* End PBXResourcesBuildPhase section */

/* Begin PBXSourcesBuildPhase section */
		BE5D10D62662C593008B7740 /* Sources */ = {
			isa = PBXSourcesBuildPhase;
			buildActionMask = 2147483647;
			files = (
				BE5D10E02662C593008B7740 /* ContentView.swift in Sources */,
				BE5D10DE2662C593008B7740 /* AppleSampleProjectApp.swift in Sources */,
			);
			runOnlyForDeploymentPostprocessing = 0;
		};
		BE5D10E72662C598008B7740 /* Sources */ = {
			isa = PBXSourcesBuildPhase;
			buildActionMask = 2147483647;
			files = (
				BE5D10F02662C598008B7740 /* AppleSampleProjectTests.swift in Sources */,
			);
			runOnlyForDeploymentPostprocessing = 0;
		};
		BE5D10F22662C598008B7740 /* Sources */ = {
			isa = PBXSourcesBuildPhase;
			buildActionMask = 2147483647;
			files = (
				BE5D10FB2662C598008B7740 /* AppleSampleProjectUITests.swift in Sources */,
			);
			runOnlyForDeploymentPostprocessing = 0;
		};
/* End PBXSourcesBuildPhase section */

/* Begin PBXTargetDependency section */
		BE5D10ED2662C598008B7740 /* PBXTargetDependency */ = {
			isa = PBXTargetDependency;
			target = BE5D10D92662C593008B7740 /* AppleSampleProject */;
			targetProxy = BE5D10EC2662C598008B7740 /* PBXContainerItemProxy */;
		};
		BE5D10F82662C598008B7740 /* PBXTargetDependency */ = {
			isa = PBXTargetDependency;
			target = BE5D10D92662C593008B7740 /* AppleSampleProject */;
			targetProxy = BE5D10F72662C598008B7740 /* PBXContainerItemProxy */;
		};
/* End PBXTargetDependency section */

/* Begin XCBuildConfiguration section */
		BE5D10FD2662C598008B7740 /* Debug */ = {
			isa = XCBuildConfiguration;
			buildSettings = {
				ALWAYS_SEARCH_USER_PATHS = NO;
				CLANG_ANALYZER_NONNULL = YES;
				CLANG_ANALYZER_NUMBER_OBJECT_CONVERSION = YES_AGGRESSIVE;
				CLANG_CXX_LANGUAGE_STANDARD = "gnu++14";
				CLANG_CXX_LIBRARY = "libc++";
				CLANG_ENABLE_MODULES = YES;
				CLANG_ENABLE_OBJC_ARC = YES;
				CLANG_ENABLE_OBJC_WEAK = YES;
				CLANG_WARN_BLOCK_CAPTURE_AUTORELEASING = YES;
				CLANG_WARN_BOOL_CONVERSION = YES;
				CLANG_WARN_COMMA = YES;
				CLANG_WARN_CONSTANT_CONVERSION = YES;
				CLANG_WARN_DEPRECATED_OBJC_IMPLEMENTATIONS = YES;
				CLANG_WARN_DIRECT_OBJC_ISA_USAGE = YES_ERROR;
				CLANG_WARN_DOCUMENTATION_COMMENTS = YES;
				CLANG_WARN_EMPTY_BODY = YES;
				CLANG_WARN_ENUM_CONVERSION = YES;
				CLANG_WARN_INFINITE_RECURSION = YES;
				CLANG_WARN_INT_CONVERSION = YES;
				CLANG_WARN_NON_LITERAL_NULL_CONVERSION = YES;
				CLANG_WARN_OBJC_IMPLICIT_RETAIN_SELF = YES;
				CLANG_WARN_OBJC_LITERAL_CONVERSION = YES;
				CLANG_WARN_OBJC_ROOT_CLASS = YES_ERROR;
				CLANG_WARN_QUOTED_INCLUDE_IN_FRAMEWORK_HEADER = YES;
				CLANG_WARN_RANGE_LOOP_ANALYSIS = YES;
				CLANG_WARN_STRICT_PROTOTYPES = YES;
				CLANG_WARN_SUSPICIOUS_MOVE = YES;
				CLANG_WARN_UNGUARDED_AVAILABILITY = YES_AGGRESSIVE;
				CLANG_WARN_UNREACHABLE_CODE = YES;
				CLANG_WARN__DUPLICATE_METHOD_MATCH = YES;
				COPY_PHASE_STRIP = NO;
				DEBUG_INFORMATION_FORMAT = dwarf;
				ENABLE_STRICT_OBJC_MSGSEND = YES;
				ENABLE_TESTABILITY = YES;
				GCC_C_LANGUAGE_STANDARD = gnu11;
				GCC_DYNAMIC_NO_PIC = NO;
				GCC_NO_COMMON_BLOCKS = YES;
				GCC_OPTIMIZATION_LEVEL = 0;
				GCC_PREPROCESSOR_DEFINITIONS = (
					"DEBUG=1",
					"$(inherited)",
				);
				GCC_WARN_64_TO_32_BIT_CONVERSION = YES;
				GCC_WARN_ABOUT_RETURN_TYPE = YES_ERROR;
				GCC_WARN_UNDECLARED_SELECTOR = YES;
				GCC_WARN_UNINITIALIZED_AUTOS = YES_AGGRESSIVE;
				GCC_WARN_UNUSED_FUNCTION = YES;
				GCC_WARN_UNUSED_VARIABLE = YES;
				IPHONEOS_DEPLOYMENT_TARGET = 14.5;
				MTL_ENABLE_DEBUG_INFO = INCLUDE_SOURCE;
				MTL_FAST_MATH = YES;
				ONLY_ACTIVE_ARCH = YES;
				SDKROOT = iphoneos;
				SWIFT_ACTIVE_COMPILATION_CONDITIONS = DEBUG;
				SWIFT_OPTIMIZATION_LEVEL = "-Onone";
			};
			name = Debug;
		};
		BE5D10FE2662C598008B7740 /* Release */ = {
			isa = XCBuildConfiguration;
			buildSettings = {
				ALWAYS_SEARCH_USER_PATHS = NO;
				CLANG_ANALYZER_NONNULL = YES;
				CLANG_ANALYZER_NUMBER_OBJECT_CONVERSION = YES_AGGRESSIVE;
				CLANG_CXX_LANGUAGE_STANDARD = "gnu++14";
				CLANG_CXX_LIBRARY = "libc++";
				CLANG_ENABLE_MODULES = YES;
				CLANG_ENABLE_OBJC_ARC = YES;
				CLANG_ENABLE_OBJC_WEAK = YES;
				CLANG_WARN_BLOCK_CAPTURE_AUTORELEASING = YES;
				CLANG_WARN_BOOL_CONVERSION = YES;
				CLANG_WARN_COMMA = YES;
				CLANG_WARN_CONSTANT_CONVERSION = YES;
				CLANG_WARN_DEPRECATED_OBJC_IMPLEMENTATIONS = YES;
				CLANG_WARN_DIRECT_OBJC_ISA_USAGE = YES_ERROR;
				CLANG_WARN_DOCUMENTATION_COMMENTS = YES;
				CLANG_WARN_EMPTY_BODY = YES;
				CLANG_WARN_ENUM_CONVERSION = YES;
				CLANG_WARN_INFINITE_RECURSION = YES;
				CLANG_WARN_INT_CONVERSION = YES;
				CLANG_WARN_NON_LITERAL_NULL_CONVERSION = YES;
				CLANG_WARN_OBJC_IMPLICIT_RETAIN_SELF = YES;
				CLANG_WARN_OBJC_LITERAL_CONVERSION = YES;
				CLANG_WARN_OBJC_ROOT_CLASS = YES_ERROR;
				CLANG_WARN_QUOTED_INCLUDE_IN_FRAMEWORK_HEADER = YES;
				CLANG_WARN_RANGE_LOOP_ANALYSIS = YES;
				CLANG_WARN_STRICT_PROTOTYPES = YES;
				CLANG_WARN_SUSPICIOUS_MOVE = YES;
				CLANG_WARN_UNGUARDED_AVAILABILITY = YES_AGGRESSIVE;
				CLANG_WARN_UNREACHABLE_CODE = YES;
				CLANG_WARN__DUPLICATE_METHOD_MATCH = YES;
				COPY_PHASE_STRIP = NO;
				DEBUG_INFORMATION_FORMAT = "dwarf-with-dsym";
				ENABLE_NS_ASSERTIONS = NO;
				ENABLE_STRICT_OBJC_MSGSEND = YES;
				GCC_C_LANGUAGE_STANDARD = gnu11;
				GCC_NO_COMMON_BLOCKS = YES;
				GCC_WARN_64_TO_32_BIT_CONVERSION = YES;
				GCC_WARN_ABOUT_RETURN_TYPE = YES_ERROR;
				GCC_WARN_UNDECLARED_SELECTOR = YES;
				GCC_WARN_UNINITIALIZED_AUTOS = YES_AGGRESSIVE;
				GCC_WARN_UNUSED_FUNCTION = YES;
				GCC_WARN_UNUSED_VARIABLE = YES;
				IPHONEOS_DEPLOYMENT_TARGET = 14.5;
				MTL_ENABLE_DEBUG_INFO = NO;
				MTL_FAST_MATH = YES;
				SDKROOT = iphoneos;
				SWIFT_COMPILATION_MODE = wholemodule;
				SWIFT_OPTIMIZATION_LEVEL = "-O";
				VALIDATE_PRODUCT = YES;
			};
			name = Release;
		};
		BE5D11002662C598008B7740 /* Debug */ = {
			isa = XCBuildConfiguration;
			buildSettings = {
				ASSETCATALOG_COMPILER_APPICON_NAME = AppIcon;
				ASSETCATALOG_COMPILER_GLOBAL_ACCENT_COLOR_NAME = AccentColor;
				CODE_SIGN_STYLE = Automatic;
				DEVELOPMENT_ASSET_PATHS = "\"AppleSampleProject/Preview Content\"";
				DEVELOPMENT_TEAM = N6Q952MKH2;
				ENABLE_PREVIEWS = YES;
				INFOPLIST_FILE = AppleSampleProject/Info.plist;
				IPHONEOS_DEPLOYMENT_TARGET = 14.0;
				LD_RUNPATH_SEARCH_PATHS = (
					"$(inherited)",
					"@executable_path/Frameworks",
				);
				PRODUCT_BUNDLE_IDENTIFIER = nonso.AppleSampleProject;
				PRODUCT_NAME = "$(TARGET_NAME)";
				SWIFT_VERSION = 5.0;
				TARGETED_DEVICE_FAMILY = "1,2";
			};
			name = Debug;
		};
		BE5D11012662C598008B7740 /* Release */ = {
			isa = XCBuildConfiguration;
			buildSettings = {
				ASSETCATALOG_COMPILER_APPICON_NAME = AppIcon;
				ASSETCATALOG_COMPILER_GLOBAL_ACCENT_COLOR_NAME = AccentColor;
				CODE_SIGN_STYLE = Automatic;
				DEVELOPMENT_ASSET_PATHS = "\"AppleSampleProject/Preview Content\"";
				DEVELOPMENT_TEAM = N6Q952MKH2;
				ENABLE_PREVIEWS = YES;
				INFOPLIST_FILE = AppleSampleProject/Info.plist;
				IPHONEOS_DEPLOYMENT_TARGET = 14.0;
				LD_RUNPATH_SEARCH_PATHS = (
					"$(inherited)",
					"@executable_path/Frameworks",
				);
				PRODUCT_BUNDLE_IDENTIFIER = nonso.AppleSampleProject;
				PRODUCT_NAME = "$(TARGET_NAME)";
				SWIFT_VERSION = 5.0;
				TARGETED_DEVICE_FAMILY = "1,2";
			};
			name = Release;
		};
		BE5D11032662C598008B7740 /* Debug */ = {
			isa = XCBuildConfiguration;
			buildSettings = {
				ALWAYS_EMBED_SWIFT_STANDARD_LIBRARIES = YES;
				BUNDLE_LOADER = "$(TEST_HOST)";
				CODE_SIGN_STYLE = Automatic;
				DEVELOPMENT_TEAM = N6Q952MKH2;
				INFOPLIST_FILE = AppleSampleProjectTests/Info.plist;
				IPHONEOS_DEPLOYMENT_TARGET = 14.0;
				LD_RUNPATH_SEARCH_PATHS = (
					"$(inherited)",
					"@executable_path/Frameworks",
					"@loader_path/Frameworks",
				);
				PRODUCT_BUNDLE_IDENTIFIER = nonso.AppleSampleProjectTests;
				PRODUCT_NAME = "$(TARGET_NAME)";
				SWIFT_VERSION = 5.0;
				TARGETED_DEVICE_FAMILY = "1,2";
				TEST_HOST = "$(BUILT_PRODUCTS_DIR)/AppleSampleProject.app/AppleSampleProject";
			};
			name = Debug;
		};
		BE5D11042662C598008B7740 /* Release */ = {
			isa = XCBuildConfiguration;
			buildSettings = {
				ALWAYS_EMBED_SWIFT_STANDARD_LIBRARIES = YES;
				BUNDLE_LOADER = "$(TEST_HOST)";
				CODE_SIGN_STYLE = Automatic;
				DEVELOPMENT_TEAM = N6Q952MKH2;
				INFOPLIST_FILE = AppleSampleProjectTests/Info.plist;
				IPHONEOS_DEPLOYMENT_TARGET = 14.0;
				LD_RUNPATH_SEARCH_PATHS = (
					"$(inherited)",
					"@executable_path/Frameworks",
					"@loader_path/Frameworks",
				);
				PRODUCT_BUNDLE_IDENTIFIER = nonso.AppleSampleProjectTests;
				PRODUCT_NAME = "$(TARGET_NAME)";
				SWIFT_VERSION = 5.0;
				TARGETED_DEVICE_FAMILY = "1,2";
				TEST_HOST = "$(BUILT_PRODUCTS_DIR)/AppleSampleProject.app/AppleSampleProject";
			};
			name = Release;
		};
		BE5D11062662C598008B7740 /* Debug */ = {
			isa = XCBuildConfiguration;
			buildSettings = {
				ALWAYS_EMBED_SWIFT_STANDARD_LIBRARIES = YES;
				CODE_SIGN_STYLE = Automatic;
				DEVELOPMENT_TEAM = N6Q952MKH2;
				INFOPLIST_FILE = AppleSampleProjectUITests/Info.plist;
				LD_RUNPATH_SEARCH_PATHS = (
					"$(inherited)",
					"@executable_path/Frameworks",
					"@loader_path/Frameworks",
				);
				PRODUCT_BUNDLE_IDENTIFIER = nonso.AppleSampleProjectUITests;
				PRODUCT_NAME = "$(TARGET_NAME)";
				SWIFT_VERSION = 5.0;
				TARGETED_DEVICE_FAMILY = "1,2";
				TEST_TARGET_NAME = AppleSampleProject;
			};
			name = Debug;
		};
		BE5D11072662C598008B7740 /* Release */ = {
			isa = XCBuildConfiguration;
			buildSettings = {
				ALWAYS_EMBED_SWIFT_STANDARD_LIBRARIES = YES;
				CODE_SIGN_STYLE = Automatic;
				DEVELOPMENT_TEAM = N6Q952MKH2;
				INFOPLIST_FILE = AppleSampleProjectUITests/Info.plist;
				LD_RUNPATH_SEARCH_PATHS = (
					"$(inherited)",
					"@executable_path/Frameworks",
					"@loader_path/Frameworks",
				);
				PRODUCT_BUNDLE_IDENTIFIER = nonso.AppleSampleProjectUITests;
				PRODUCT_NAME = "$(TARGET_NAME)";
				SWIFT_VERSION = 5.0;
				TARGETED_DEVICE_FAMILY = "1,2";
				TEST_TARGET_NAME = AppleSampleProject;
			};
			name = Release;
		};
/* End XCBuildConfiguration section */

/* Begin XCConfigurationList section */
		BE5D10D52662C593008B7740 /* Build configuration list for PBXProject "AppleSampleProject" */ = {
			isa = XCConfigurationList;
			buildConfigurations = (
				BE5D10FD2662C598008B7740 /* Debug */,
				BE5D10FE2662C598008B7740 /* Release */,
			);
			defaultConfigurationIsVisible = 0;
			defaultConfigurationName = Release;
		};
		BE5D10FF2662C598008B7740 /* Build configuration list for PBXNativeTarget "AppleSampleProject" */ = {
			isa = XCConfigurationList;
			buildConfigurations = (
				BE5D11002662C598008B7740 /* Debug */,
				BE5D11012662C598008B7740 /* Release */,
			);
			defaultConfigurationIsVisible = 0;
			defaultConfigurationName = Release;
		};
		BE5D11022662C598008B7740 /* Build configuration list for PBXNativeTarget "AppleSampleProjectTests" */ = {
			isa = XCConfigurationList;
			buildConfigurations = (
				BE5D11032662C598008B7740 /* Debug */,
				BE5D11042662C598008B7740 /* Release */,
			);
			defaultConfigurationIsVisible = 0;
			defaultConfigurationName = Release;
		};
		BE5D11052662C598008B7740 /* Build configuration list for PBXNativeTarget "AppleSampleProjectUITests" */ = {
			isa = XCConfigurationList;
			buildConfigurations = (
				BE5D11062662C598008B7740 /* Debug */,
				BE5D11072662C598008B7740 /* Release */,
			);
			defaultConfigurationIsVisible = 0;
			defaultConfigurationName = Release;
		};
/* End XCConfigurationList section */
	};
	rootObject = BE5D10D22662C593008B7740 /* Project object */;
}
